<Solution>
  <Folder Name="/BuildingBlocks/">
    <Project Path="RTS.BuildingBlocks.Application\RTS.BuildingBlocks.Application.csproj" Type="Classic C#" />
    <Project Path="RTS.BuildingBlocks.Domain\RTS.BuildingBlocks.Domain.csproj" Type="Classic C#" />
    <Project Path="RTS.BuildingBlocks.Infrastructure\RTS.BuildingBlocks.Infrastructure.csproj" Type="Classic C#" />
  </Folder>
  <Folder Name="/Modules/" />
  <Folder Name="/Modules/UserAccess/" />
  <Project Path="RTS.API\RTS.API.csproj" Type="Classic C#" />
</Solution>